
Microsoft Visual Studio Solution File, Format Version 12.00
# Visual Studio Version 16
VisualStudioVersion = 16.0.29102.190
MinimumVisualStudioVersion = 10.0.40219.1
Project("{FAE04EC0-301F-11D3-BF4B-00C04F79EFBC}") = "SaddlePointKata", "SaddlePointKata\SaddlePointKata.csproj", "{110D693B-C80B-4A9A-A7D6-0D924F057446}"
EndProject
Global
	GlobalSection(SolutionConfigurationPlatforms) = preSolution
		Debug|Any CPU = Debug|Any CPU
		Release|Any CPU = Release|Any CPU
	EndGlobalSection
	GlobalSection(ProjectConfigurationPlatforms) = postSolution
		{110D693B-C80B-4A9A-A7D6-0D924F057446}.Debug|Any CPU.ActiveCfg = Debug|Any CPU
		{110D693B-C80B-4A9A-A7D6-0D924F057446}.Debug|Any CPU.Build.0 = Debug|Any CPU
		{110D693B-C80B-4A9A-A7D6-0D924F057446}.Release|Any CPU.ActiveCfg = Release|Any CPU
		{110D693B-C80B-4A9A-A7D6-0D924F057446}.Release|Any CPU.Build.0 = Release|Any CPU
	EndGlobalSection
	GlobalSection(SolutionProperties) = preSolution
		HideSolutionNode = FALSE
	EndGlobalSection
	GlobalSection(ExtensibilityGlobals) = postSolution
		SolutionGuid = {8E23551E-37D4-4962-9EA5-05C9CAE8E966}
	EndGlobalSection
EndGlobal
